
Microsoft Visual Studio Solution File, Format Version 12.00
# Visual Studio 15
VisualStudioVersion = 15.0.26124.0
MinimumVisualStudioVersion = 15.0.26124.0
Project("{FAE04EC0-301F-11D3-BF4B-00C04F79EFBC}") = "StarW.API", "StarW.API\StarW.API.csproj", "{FEACB532-6095-4426-8E6D-02650DDE9E88}"
EndProject
Project("{FAE04EC0-301F-11D3-BF4B-00C04F79EFBC}") = "StarW.MVC", "StarW.MVC\StarW.MVC.csproj", "{E131E351-50E5-46E4-882B-65E585B62566}"
EndProject
Global
	GlobalSection(SolutionConfigurationPlatforms) = preSolution
		Debug|Any CPU = Debug|Any CPU
		Debug|x64 = Debug|x64
		Debug|x86 = Debug|x86
		Release|Any CPU = Release|Any CPU
		Release|x64 = Release|x64
		Release|x86 = Release|x86
	EndGlobalSection
	GlobalSection(SolutionProperties) = preSolution
		HideSolutionNode = FALSE
	EndGlobalSection
	GlobalSection(ProjectConfigurationPlatforms) = postSolution
		{FEACB532-6095-4426-8E6D-02650DDE9E88}.Debug|Any CPU.ActiveCfg = Debug|Any CPU
		{FEACB532-6095-4426-8E6D-02650DDE9E88}.Debug|Any CPU.Build.0 = Debug|Any CPU
		{FEACB532-6095-4426-8E6D-02650DDE9E88}.Debug|x64.ActiveCfg = Debug|Any CPU
		{FEACB532-6095-4426-8E6D-02650DDE9E88}.Debug|x64.Build.0 = Debug|Any CPU
		{FEACB532-6095-4426-8E6D-02650DDE9E88}.Debug|x86.ActiveCfg = Debug|Any CPU
		{FEACB532-6095-4426-8E6D-02650DDE9E88}.Debug|x86.Build.0 = Debug|Any CPU
		{FEACB532-6095-4426-8E6D-02650DDE9E88}.Release|Any CPU.ActiveCfg = Release|Any CPU
		{FEACB532-6095-4426-8E6D-02650DDE9E88}.Release|Any CPU.Build.0 = Release|Any CPU
		{FEACB532-6095-4426-8E6D-02650DDE9E88}.Release|x64.ActiveCfg = Release|Any CPU
		{FEACB532-6095-4426-8E6D-02650DDE9E88}.Release|x64.Build.0 = Release|Any CPU
		{FEACB532-6095-4426-8E6D-02650DDE9E88}.Release|x86.ActiveCfg = Release|Any CPU
		{FEACB532-6095-4426-8E6D-02650DDE9E88}.Release|x86.Build.0 = Release|Any CPU
		{E131E351-50E5-46E4-882B-65E585B62566}.Debug|Any CPU.ActiveCfg = Debug|Any CPU
		{E131E351-50E5-46E4-882B-65E585B62566}.Debug|Any CPU.Build.0 = Debug|Any CPU
		{E131E351-50E5-46E4-882B-65E585B62566}.Debug|x64.ActiveCfg = Debug|Any CPU
		{E131E351-50E5-46E4-882B-65E585B62566}.Debug|x64.Build.0 = Debug|Any CPU
		{E131E351-50E5-46E4-882B-65E585B62566}.Debug|x86.ActiveCfg = Debug|Any CPU
		{E131E351-50E5-46E4-882B-65E585B62566}.Debug|x86.Build.0 = Debug|Any CPU
		{E131E351-50E5-46E4-882B-65E585B62566}.Release|Any CPU.ActiveCfg = Release|Any CPU
		{E131E351-50E5-46E4-882B-65E585B62566}.Release|Any CPU.Build.0 = Release|Any CPU
		{E131E351-50E5-46E4-882B-65E585B62566}.Release|x64.ActiveCfg = Release|Any CPU
		{E131E351-50E5-46E4-882B-65E585B62566}.Release|x64.Build.0 = Release|Any CPU
		{E131E351-50E5-46E4-882B-65E585B62566}.Release|x86.ActiveCfg = Release|Any CPU
		{E131E351-50E5-46E4-882B-65E585B62566}.Release|x86.Build.0 = Release|Any CPU
	EndGlobalSection
EndGlobal
